
Microsoft Visual Studio Solution File, Format Version 12.00
# Visual Studio 2013
VisualStudioVersion = 12.0.40629.0
MinimumVisualStudioVersion = 10.0.40219.1
Project("{FAE04EC0-301F-11D3-BF4B-00C04F79EFBC}") = "CRUD.WFD.MySQL", "WFD\CRUD.WFD.MySQL\CRUD.WFD.MySQL.csproj", "{9F1E576E-9A7A-488C-B615-F2B6AB84ED97}"
EndProject
Project("{FAE04EC0-301F-11D3-BF4B-00C04F79EFBC}") = "CRUD.WFD.SQLite", "WFD\CRUD.WFD.SQLite\CRUD.WFD.SQLite.csproj", "{E12EB102-EE2E-443A-A64B-294793A71D05}"
EndProject
Project("{2150E333-8FDC-42A3-9474-1A3956D46DE8}") = "WFD", "WFD", "{57EA4BCF-72DE-4D0A-95B7-0AE7FF7B7E0F}"
EndProject
Project("{2150E333-8FDC-42A3-9474-1A3956D46DE8}") = "WPF", "WPF", "{2DEE758D-22C4-47BD-9F8C-7CD325E80762}"
EndProject
Project("{FAE04EC0-301F-11D3-BF4B-00C04F79EFBC}") = "CRUD.WFD.Oracle", "WFD\CRUD.WFD.Oracle\CRUD.WFD.Oracle.csproj", "{9B870EF4-8D50-4344-A988-0F0714B95E3F}"
EndProject
Project("{FAE04EC0-301F-11D3-BF4B-00C04F79EFBC}") = "CRUD.WFD.Access", "WFD\CRUD.WFD.Access\CRUD.WFD.Access.csproj", "{69F4A004-405D-4383-BEC6-368D288D6841}"
EndProject
Project("{FAE04EC0-301F-11D3-BF4B-00C04F79EFBC}") = "CRUD.WFD.SQLServer", "WFD\CRUD.WFD.SQLServer\CRUD.WFD.SQLServer.csproj", "{AC33B378-7EA6-46B5-B3D8-65A4F375275E}"
EndProject
Project("{FAE04EC0-301F-11D3-BF4B-00C04F79EFBC}") = "CRUD.WPF.Access", "WPF\CRUD.WPF.Access\CRUD.WPF.Access.csproj", "{46BDA99B-1F60-40B5-B2B7-87E60A9C57E3}"
EndProject
Project("{FAE04EC0-301F-11D3-BF4B-00C04F79EFBC}") = "CRUD.WPF.MySQL", "WPF\CRUD.WPF.MySQL\CRUD.WPF.MySQL.csproj", "{421BD87F-A3D8-4E78-BEA8-C0BC2A487A16}"
EndProject
Project("{FAE04EC0-301F-11D3-BF4B-00C04F79EFBC}") = "CRUD.WPF.Oracle", "WPF\CRUD.WPF.Oracle\CRUD.WPF.Oracle.csproj", "{21B36A02-60AD-4475-A957-F82DF686C19D}"
EndProject
Project("{FAE04EC0-301F-11D3-BF4B-00C04F79EFBC}") = "CRUD.WPF.SQLite", "WPF\CRUD.WPF.SQLite\CRUD.WPF.SQLite.csproj", "{82D47948-B306-49B2-AE94-ABC0BE251996}"
EndProject
Project("{FAE04EC0-301F-11D3-BF4B-00C04F79EFBC}") = "CRUD.WPF.SQLServer", "WPF\CRUD.WPF.SQLServer\CRUD.WPF.SQLServer.csproj", "{9D843B4D-CA28-4594-9779-A6EBB18588CD}"
EndProject
Project("{2150E333-8FDC-42A3-9474-1A3956D46DE8}") = "DLL", "DLL", "{1BCD2A7A-0923-42C6-9758-14B02148B559}"
EndProject
Project("{FAE04EC0-301F-11D3-BF4B-00C04F79EFBC}") = "CRUD.DLL.Connection", "DLL\CRUD.DLL.Connection\CRUD.DLL.Connection.csproj", "{7F6AFCF4-9FE6-4AE6-9236-AE1AA8D81F51}"
EndProject
Global
	GlobalSection(SolutionConfigurationPlatforms) = preSolution
		Debug|Any CPU = Debug|Any CPU
		Release|Any CPU = Release|Any CPU
	EndGlobalSection
	GlobalSection(ProjectConfigurationPlatforms) = postSolution
		{9F1E576E-9A7A-488C-B615-F2B6AB84ED97}.Debug|Any CPU.ActiveCfg = Debug|Any CPU
		{9F1E576E-9A7A-488C-B615-F2B6AB84ED97}.Debug|Any CPU.Build.0 = Debug|Any CPU
		{9F1E576E-9A7A-488C-B615-F2B6AB84ED97}.Release|Any CPU.ActiveCfg = Release|Any CPU
		{9F1E576E-9A7A-488C-B615-F2B6AB84ED97}.Release|Any CPU.Build.0 = Release|Any CPU
		{E12EB102-EE2E-443A-A64B-294793A71D05}.Debug|Any CPU.ActiveCfg = Debug|Any CPU
		{E12EB102-EE2E-443A-A64B-294793A71D05}.Debug|Any CPU.Build.0 = Debug|Any CPU
		{E12EB102-EE2E-443A-A64B-294793A71D05}.Release|Any CPU.ActiveCfg = Release|Any CPU
		{E12EB102-EE2E-443A-A64B-294793A71D05}.Release|Any CPU.Build.0 = Release|Any CPU
		{9B870EF4-8D50-4344-A988-0F0714B95E3F}.Debug|Any CPU.ActiveCfg = Debug|Any CPU
		{9B870EF4-8D50-4344-A988-0F0714B95E3F}.Debug|Any CPU.Build.0 = Debug|Any CPU
		{9B870EF4-8D50-4344-A988-0F0714B95E3F}.Release|Any CPU.ActiveCfg = Release|Any CPU
		{9B870EF4-8D50-4344-A988-0F0714B95E3F}.Release|Any CPU.Build.0 = Release|Any CPU
		{69F4A004-405D-4383-BEC6-368D288D6841}.Debug|Any CPU.ActiveCfg = Debug|Any CPU
		{69F4A004-405D-4383-BEC6-368D288D6841}.Debug|Any CPU.Build.0 = Debug|Any CPU
		{69F4A004-405D-4383-BEC6-368D288D6841}.Release|Any CPU.ActiveCfg = Release|Any CPU
		{69F4A004-405D-4383-BEC6-368D288D6841}.Release|Any CPU.Build.0 = Release|Any CPU
		{AC33B378-7EA6-46B5-B3D8-65A4F375275E}.Debug|Any CPU.ActiveCfg = Debug|Any CPU
		{AC33B378-7EA6-46B5-B3D8-65A4F375275E}.Debug|Any CPU.Build.0 = Debug|Any CPU
		{AC33B378-7EA6-46B5-B3D8-65A4F375275E}.Release|Any CPU.ActiveCfg = Release|Any CPU
		{AC33B378-7EA6-46B5-B3D8-65A4F375275E}.Release|Any CPU.Build.0 = Release|Any CPU
		{46BDA99B-1F60-40B5-B2B7-87E60A9C57E3}.Debug|Any CPU.ActiveCfg = Debug|Any CPU
		{46BDA99B-1F60-40B5-B2B7-87E60A9C57E3}.Debug|Any CPU.Build.0 = Debug|Any CPU
		{46BDA99B-1F60-40B5-B2B7-87E60A9C57E3}.Release|Any CPU.ActiveCfg = Release|Any CPU
		{46BDA99B-1F60-40B5-B2B7-87E60A9C57E3}.Release|Any CPU.Build.0 = Release|Any CPU
		{421BD87F-A3D8-4E78-BEA8-C0BC2A487A16}.Debug|Any CPU.ActiveCfg = Debug|Any CPU
		{421BD87F-A3D8-4E78-BEA8-C0BC2A487A16}.Debug|Any CPU.Build.0 = Debug|Any CPU
		{421BD87F-A3D8-4E78-BEA8-C0BC2A487A16}.Release|Any CPU.ActiveCfg = Release|Any CPU
		{421BD87F-A3D8-4E78-BEA8-C0BC2A487A16}.Release|Any CPU.Build.0 = Release|Any CPU
		{21B36A02-60AD-4475-A957-F82DF686C19D}.Debug|Any CPU.ActiveCfg = Debug|Any CPU
		{21B36A02-60AD-4475-A957-F82DF686C19D}.Debug|Any CPU.Build.0 = Debug|Any CPU
		{21B36A02-60AD-4475-A957-F82DF686C19D}.Release|Any CPU.ActiveCfg = Release|Any CPU
		{21B36A02-60AD-4475-A957-F82DF686C19D}.Release|Any CPU.Build.0 = Release|Any CPU
		{82D47948-B306-49B2-AE94-ABC0BE251996}.Debug|Any CPU.ActiveCfg = Debug|Any CPU
		{82D47948-B306-49B2-AE94-ABC0BE251996}.Debug|Any CPU.Build.0 = Debug|Any CPU
		{82D47948-B306-49B2-AE94-ABC0BE251996}.Release|Any CPU.ActiveCfg = Release|Any CPU
		{82D47948-B306-49B2-AE94-ABC0BE251996}.Release|Any CPU.Build.0 = Release|Any CPU
		{9D843B4D-CA28-4594-9779-A6EBB18588CD}.Debug|Any CPU.ActiveCfg = Debug|Any CPU
		{9D843B4D-CA28-4594-9779-A6EBB18588CD}.Debug|Any CPU.Build.0 = Debug|Any CPU
		{9D843B4D-CA28-4594-9779-A6EBB18588CD}.Release|Any CPU.ActiveCfg = Release|Any CPU
		{9D843B4D-CA28-4594-9779-A6EBB18588CD}.Release|Any CPU.Build.0 = Release|Any CPU
		{7F6AFCF4-9FE6-4AE6-9236-AE1AA8D81F51}.Debug|Any CPU.ActiveCfg = Debug|Any CPU
		{7F6AFCF4-9FE6-4AE6-9236-AE1AA8D81F51}.Debug|Any CPU.Build.0 = Debug|Any CPU
		{7F6AFCF4-9FE6-4AE6-9236-AE1AA8D81F51}.Release|Any CPU.ActiveCfg = Release|Any CPU
		{7F6AFCF4-9FE6-4AE6-9236-AE1AA8D81F51}.Release|Any CPU.Build.0 = Release|Any CPU
	EndGlobalSection
	GlobalSection(SolutionProperties) = preSolution
		HideSolutionNode = FALSE
	EndGlobalSection
	GlobalSection(NestedProjects) = preSolution
		{9F1E576E-9A7A-488C-B615-F2B6AB84ED97} = {57EA4BCF-72DE-4D0A-95B7-0AE7FF7B7E0F}
		{E12EB102-EE2E-443A-A64B-294793A71D05} = {57EA4BCF-72DE-4D0A-95B7-0AE7FF7B7E0F}
		{9B870EF4-8D50-4344-A988-0F0714B95E3F} = {57EA4BCF-72DE-4D0A-95B7-0AE7FF7B7E0F}
		{69F4A004-405D-4383-BEC6-368D288D6841} = {57EA4BCF-72DE-4D0A-95B7-0AE7FF7B7E0F}
		{AC33B378-7EA6-46B5-B3D8-65A4F375275E} = {57EA4BCF-72DE-4D0A-95B7-0AE7FF7B7E0F}
		{46BDA99B-1F60-40B5-B2B7-87E60A9C57E3} = {2DEE758D-22C4-47BD-9F8C-7CD325E80762}
		{421BD87F-A3D8-4E78-BEA8-C0BC2A487A16} = {2DEE758D-22C4-47BD-9F8C-7CD325E80762}
		{21B36A02-60AD-4475-A957-F82DF686C19D} = {2DEE758D-22C4-47BD-9F8C-7CD325E80762}
		{82D47948-B306-49B2-AE94-ABC0BE251996} = {2DEE758D-22C4-47BD-9F8C-7CD325E80762}
		{9D843B4D-CA28-4594-9779-A6EBB18588CD} = {2DEE758D-22C4-47BD-9F8C-7CD325E80762}
		{7F6AFCF4-9FE6-4AE6-9236-AE1AA8D81F51} = {1BCD2A7A-0923-42C6-9758-14B02148B559}
	EndGlobalSection
EndGlobal
